
Microsoft Visual Studio Solution File, Format Version 12.00
# Visual Studio Version 17
VisualStudioVersion = 17.14.35821.62
MinimumVisualStudioVersion = 10.0.40219.1
Project("{2150E333-8FDC-42A3-9474-1A3956D46DE8}") = "Core", "Core", "{02EA681E-C7D8-13C7-8484-4AC65E1B71E8}"
EndProject
Project("{FAE04EC0-301F-11D3-BF4B-00C04F79EFBC}") = "SurveyApi.Domain", "Core\SurveyApi.Domain\SurveyApi.Domain.csproj", "{830751AB-8352-4AC9-902A-BB7ADDA6A4AC}"
EndProject
Project("{FAE04EC0-301F-11D3-BF4B-00C04F79EFBC}") = "SurveyApi.Application", "Core\SurveyApi.Application\SurveyApi.Application.csproj", "{CCCB1868-036B-409F-8C9C-0D0F732E75EE}"
EndProject
Project("{2150E333-8FDC-42A3-9474-1A3956D46DE8}") = "Infrastructure", "Infrastructure", "{5D4A784B-1222-4E58-BB1F-62363A3C47A3}"
EndProject
Project("{FAE04EC0-301F-11D3-BF4B-00C04F79EFBC}") = "SurveyApi.Infrastructure", "Infrastructure\SurveyApi.Infrastructure\SurveyApi.Infrastructure.csproj", "{B247279F-B1B1-416C-9548-7CA643C12ABD}"
EndProject
Project("{FAE04EC0-301F-11D3-BF4B-00C04F79EFBC}") = "SurveyApi.Persistence", "Infrastructure\SurveyApi.Persistence\SurveyApi.Persistence.csproj", "{30D40AA3-6D66-4FA7-B165-8669B255792F}"
EndProject
Project("{2150E333-8FDC-42A3-9474-1A3956D46DE8}") = "Presentation", "Presentation", "{CA569042-91E3-4173-AB60-F86EF3B43847}"
EndProject
Project("{FAE04EC0-301F-11D3-BF4B-00C04F79EFBC}") = "SurveyApi.Api", "Presentation\SurveyApi.Api\SurveyApi.Api.csproj", "{A53DEC46-630F-4314-B28B-65EC449E32D3}"
EndProject
Project("{FAE04EC0-301F-11D3-BF4B-00C04F79EFBC}") = "BackgroundJobs", "BackgroundJobs\BackgroundJobs\BackgroundJobs.csproj", "{301E94EF-34C0-4239-92D8-3C429A2518E5}"
EndProject
Global
	GlobalSection(SolutionConfigurationPlatforms) = preSolution
		Debug|Any CPU = Debug|Any CPU
		Release|Any CPU = Release|Any CPU
	EndGlobalSection
	GlobalSection(ProjectConfigurationPlatforms) = postSolution
		{830751AB-8352-4AC9-902A-BB7ADDA6A4AC}.Debug|Any CPU.ActiveCfg = Debug|Any CPU
		{830751AB-8352-4AC9-902A-BB7ADDA6A4AC}.Debug|Any CPU.Build.0 = Debug|Any CPU
		{830751AB-8352-4AC9-902A-BB7ADDA6A4AC}.Release|Any CPU.ActiveCfg = Release|Any CPU
		{830751AB-8352-4AC9-902A-BB7ADDA6A4AC}.Release|Any CPU.Build.0 = Release|Any CPU
		{CCCB1868-036B-409F-8C9C-0D0F732E75EE}.Debug|Any CPU.ActiveCfg = Debug|Any CPU
		{CCCB1868-036B-409F-8C9C-0D0F732E75EE}.Debug|Any CPU.Build.0 = Debug|Any CPU
		{CCCB1868-036B-409F-8C9C-0D0F732E75EE}.Release|Any CPU.ActiveCfg = Release|Any CPU
		{CCCB1868-036B-409F-8C9C-0D0F732E75EE}.Release|Any CPU.Build.0 = Release|Any CPU
		{B247279F-B1B1-416C-9548-7CA643C12ABD}.Debug|Any CPU.ActiveCfg = Debug|Any CPU
		{B247279F-B1B1-416C-9548-7CA643C12ABD}.Debug|Any CPU.Build.0 = Debug|Any CPU
		{B247279F-B1B1-416C-9548-7CA643C12ABD}.Release|Any CPU.ActiveCfg = Release|Any CPU
		{B247279F-B1B1-416C-9548-7CA643C12ABD}.Release|Any CPU.Build.0 = Release|Any CPU
		{30D40AA3-6D66-4FA7-B165-8669B255792F}.Debug|Any CPU.ActiveCfg = Debug|Any CPU
		{30D40AA3-6D66-4FA7-B165-8669B255792F}.Debug|Any CPU.Build.0 = Debug|Any CPU
		{30D40AA3-6D66-4FA7-B165-8669B255792F}.Release|Any CPU.ActiveCfg = Release|Any CPU
		{30D40AA3-6D66-4FA7-B165-8669B255792F}.Release|Any CPU.Build.0 = Release|Any CPU
		{A53DEC46-630F-4314-B28B-65EC449E32D3}.Debug|Any CPU.ActiveCfg = Debug|Any CPU
		{A53DEC46-630F-4314-B28B-65EC449E32D3}.Debug|Any CPU.Build.0 = Debug|Any CPU
		{A53DEC46-630F-4314-B28B-65EC449E32D3}.Release|Any CPU.ActiveCfg = Release|Any CPU
		{A53DEC46-630F-4314-B28B-65EC449E32D3}.Release|Any CPU.Build.0 = Release|Any CPU
		{301E94EF-34C0-4239-92D8-3C429A2518E5}.Debug|Any CPU.ActiveCfg = Debug|Any CPU
		{301E94EF-34C0-4239-92D8-3C429A2518E5}.Debug|Any CPU.Build.0 = Debug|Any CPU
		{301E94EF-34C0-4239-92D8-3C429A2518E5}.Release|Any CPU.ActiveCfg = Release|Any CPU
		{301E94EF-34C0-4239-92D8-3C429A2518E5}.Release|Any CPU.Build.0 = Release|Any CPU
	EndGlobalSection
	GlobalSection(SolutionProperties) = preSolution
		HideSolutionNode = FALSE
	EndGlobalSection
	GlobalSection(NestedProjects) = preSolution
		{830751AB-8352-4AC9-902A-BB7ADDA6A4AC} = {02EA681E-C7D8-13C7-8484-4AC65E1B71E8}
		{CCCB1868-036B-409F-8C9C-0D0F732E75EE} = {02EA681E-C7D8-13C7-8484-4AC65E1B71E8}
		{B247279F-B1B1-416C-9548-7CA643C12ABD} = {5D4A784B-1222-4E58-BB1F-62363A3C47A3}
		{30D40AA3-6D66-4FA7-B165-8669B255792F} = {5D4A784B-1222-4E58-BB1F-62363A3C47A3}
		{A53DEC46-630F-4314-B28B-65EC449E32D3} = {CA569042-91E3-4173-AB60-F86EF3B43847}
		{301E94EF-34C0-4239-92D8-3C429A2518E5} = {5D4A784B-1222-4E58-BB1F-62363A3C47A3}
	EndGlobalSection
	GlobalSection(ExtensibilityGlobals) = postSolution
		SolutionGuid = {68C3380D-C71E-4FA5-8187-81D920D40DDA}
	EndGlobalSection
EndGlobal
